
Microsoft Visual Studio Solution File, Format Version 12.00
# Visual Studio 2013
VisualStudioVersion = 12.0.31101.0
MinimumVisualStudioVersion = 10.0.40219.1
Project("{FAE04EC0-301F-11D3-BF4B-00C04F79EFBC}") = "Uebung1", "Uebung1\Uebung1.csproj", "{75C7779C-6EEB-4401-8F88-B61B276151BF}"
EndProject
Project("{FAE04EC0-301F-11D3-BF4B-00C04F79EFBC}") = "Uebung2", "Uebung2\Uebung2.csproj", "{998581CC-424F-4190-B95B-6DE0F7780E43}"
EndProject
Project("{FAE04EC0-301F-11D3-BF4B-00C04F79EFBC}") = "Uebung3", "Uebung3\Uebung3.csproj", "{65D5DD7F-1277-4615-87B6-BF4418E1717E}"
EndProject
Project("{FAE04EC0-301F-11D3-BF4B-00C04F79EFBC}") = "Uebung4", "Uebung4\Uebung4.csproj", "{64C5344A-2B2A-4E13-A34F-D9D37B46B77C}"
EndProject
Project("{FAE04EC0-301F-11D3-BF4B-00C04F79EFBC}") = "Uebung5", "Uebung5\Uebung5.csproj", "{8365FA5C-D81E-46F0-84E1-06403F5C1BA9}"
EndProject
Project("{FAE04EC0-301F-11D3-BF4B-00C04F79EFBC}") = "AutoApp", "AutoApp\AutoApp.csproj", "{38478586-4341-412F-9F74-765B19668DC9}"
EndProject
Project("{FAE04EC0-301F-11D3-BF4B-00C04F79EFBC}") = "Uebung6", "Uebung6\Uebung6.csproj", "{A831A691-916D-45F7-BAF1-398141C1D711}"
EndProject
Project("{FAE04EC0-301F-11D3-BF4B-00C04F79EFBC}") = "Uebung7_Luftfahrzeuge", "Uebung7\Uebung7_Luftfahrzeuge.csproj", "{4E9DF897-69D1-4632-9356-35B1A9525064}"
EndProject
Project("{FAE04EC0-301F-11D3-BF4B-00C04F79EFBC}") = "AutoClass", "AutoClass\AutoClass.csproj", "{05ADC63E-6C7D-40A5-8FD2-50A12C9A61BC}"
EndProject
Project("{FAE04EC0-301F-11D3-BF4B-00C04F79EFBC}") = "Uebung8", "Uebung8\Uebung8.csproj", "{212AD043-7FC4-47B1-BF11-1121D371CE2E}"
EndProject
Project("{FAE04EC0-301F-11D3-BF4B-00C04F79EFBC}") = "BS_Marcus-Redmann", "BS_Marcus-Redmann\BS_Marcus-Redmann.csproj", "{196A2E64-59F5-40AB-BF98-559FCFC51A29}"
EndProject
Project("{FAE04EC0-301F-11D3-BF4B-00C04F79EFBC}") = "Uebung9_Bibliothek", "Uebung9_Bibliothek\Uebung9_Bibliothek.csproj", "{FB49A522-446F-4588-94B4-39F8D3ABBF0E}"
EndProject
Project("{FAE04EC0-301F-11D3-BF4B-00C04F79EFBC}") = "Uebung10_Bibliothek_DB", "Uebung10_Bibliothek_DB\Uebung10_Bibliothek_DB.csproj", "{839322A2-4589-4AA5-9A86-EF7DE405AC83}"
EndProject
Project("{FAE04EC0-301F-11D3-BF4B-00C04F79EFBC}") = "MenüBeispiel", "MenüBeispiel\MenüBeispiel.csproj", "{6210AC8D-D119-4ACD-9A14-70675F87DAD3}"
EndProject
Global
	GlobalSection(SolutionConfigurationPlatforms) = preSolution
		Debug|Any CPU = Debug|Any CPU
		Debug|Mixed Platforms = Debug|Mixed Platforms
		Debug|x86 = Debug|x86
		Release|Any CPU = Release|Any CPU
		Release|Mixed Platforms = Release|Mixed Platforms
		Release|x86 = Release|x86
	EndGlobalSection
	GlobalSection(ProjectConfigurationPlatforms) = postSolution
		{75C7779C-6EEB-4401-8F88-B61B276151BF}.Debug|Any CPU.ActiveCfg = Debug|Any CPU
		{75C7779C-6EEB-4401-8F88-B61B276151BF}.Debug|Any CPU.Build.0 = Debug|Any CPU
		{75C7779C-6EEB-4401-8F88-B61B276151BF}.Debug|Mixed Platforms.ActiveCfg = Debug|Any CPU
		{75C7779C-6EEB-4401-8F88-B61B276151BF}.Debug|Mixed Platforms.Build.0 = Debug|Any CPU
		{75C7779C-6EEB-4401-8F88-B61B276151BF}.Debug|x86.ActiveCfg = Debug|Any CPU
		{75C7779C-6EEB-4401-8F88-B61B276151BF}.Release|Any CPU.ActiveCfg = Release|Any CPU
		{75C7779C-6EEB-4401-8F88-B61B276151BF}.Release|Any CPU.Build.0 = Release|Any CPU
		{75C7779C-6EEB-4401-8F88-B61B276151BF}.Release|Mixed Platforms.ActiveCfg = Release|Any CPU
		{75C7779C-6EEB-4401-8F88-B61B276151BF}.Release|Mixed Platforms.Build.0 = Release|Any CPU
		{75C7779C-6EEB-4401-8F88-B61B276151BF}.Release|x86.ActiveCfg = Release|Any CPU
		{998581CC-424F-4190-B95B-6DE0F7780E43}.Debug|Any CPU.ActiveCfg = Debug|Any CPU
		{998581CC-424F-4190-B95B-6DE0F7780E43}.Debug|Any CPU.Build.0 = Debug|Any CPU
		{998581CC-424F-4190-B95B-6DE0F7780E43}.Debug|Mixed Platforms.ActiveCfg = Debug|Any CPU
		{998581CC-424F-4190-B95B-6DE0F7780E43}.Debug|Mixed Platforms.Build.0 = Debug|Any CPU
		{998581CC-424F-4190-B95B-6DE0F7780E43}.Debug|x86.ActiveCfg = Debug|Any CPU
		{998581CC-424F-4190-B95B-6DE0F7780E43}.Release|Any CPU.ActiveCfg = Release|Any CPU
		{998581CC-424F-4190-B95B-6DE0F7780E43}.Release|Any CPU.Build.0 = Release|Any CPU
		{998581CC-424F-4190-B95B-6DE0F7780E43}.Release|Mixed Platforms.ActiveCfg = Release|Any CPU
		{998581CC-424F-4190-B95B-6DE0F7780E43}.Release|Mixed Platforms.Build.0 = Release|Any CPU
		{998581CC-424F-4190-B95B-6DE0F7780E43}.Release|x86.ActiveCfg = Release|Any CPU
		{65D5DD7F-1277-4615-87B6-BF4418E1717E}.Debug|Any CPU.ActiveCfg = Debug|Any CPU
		{65D5DD7F-1277-4615-87B6-BF4418E1717E}.Debug|Any CPU.Build.0 = Debug|Any CPU
		{65D5DD7F-1277-4615-87B6-BF4418E1717E}.Debug|Mixed Platforms.ActiveCfg = Debug|Any CPU
		{65D5DD7F-1277-4615-87B6-BF4418E1717E}.Debug|Mixed Platforms.Build.0 = Debug|Any CPU
		{65D5DD7F-1277-4615-87B6-BF4418E1717E}.Debug|x86.ActiveCfg = Debug|Any CPU
		{65D5DD7F-1277-4615-87B6-BF4418E1717E}.Release|Any CPU.ActiveCfg = Release|Any CPU
		{65D5DD7F-1277-4615-87B6-BF4418E1717E}.Release|Any CPU.Build.0 = Release|Any CPU
		{65D5DD7F-1277-4615-87B6-BF4418E1717E}.Release|Mixed Platforms.ActiveCfg = Release|Any CPU
		{65D5DD7F-1277-4615-87B6-BF4418E1717E}.Release|Mixed Platforms.Build.0 = Release|Any CPU
		{65D5DD7F-1277-4615-87B6-BF4418E1717E}.Release|x86.ActiveCfg = Release|Any CPU
		{64C5344A-2B2A-4E13-A34F-D9D37B46B77C}.Debug|Any CPU.ActiveCfg = Debug|Any CPU
		{64C5344A-2B2A-4E13-A34F-D9D37B46B77C}.Debug|Any CPU.Build.0 = Debug|Any CPU
		{64C5344A-2B2A-4E13-A34F-D9D37B46B77C}.Debug|Mixed Platforms.ActiveCfg = Debug|Any CPU
		{64C5344A-2B2A-4E13-A34F-D9D37B46B77C}.Debug|Mixed Platforms.Build.0 = Debug|Any CPU
		{64C5344A-2B2A-4E13-A34F-D9D37B46B77C}.Debug|x86.ActiveCfg = Debug|Any CPU
		{64C5344A-2B2A-4E13-A34F-D9D37B46B77C}.Release|Any CPU.ActiveCfg = Release|Any CPU
		{64C5344A-2B2A-4E13-A34F-D9D37B46B77C}.Release|Any CPU.Build.0 = Release|Any CPU
		{64C5344A-2B2A-4E13-A34F-D9D37B46B77C}.Release|Mixed Platforms.ActiveCfg = Release|Any CPU
		{64C5344A-2B2A-4E13-A34F-D9D37B46B77C}.Release|Mixed Platforms.Build.0 = Release|Any CPU
		{64C5344A-2B2A-4E13-A34F-D9D37B46B77C}.Release|x86.ActiveCfg = Release|Any CPU
		{8365FA5C-D81E-46F0-84E1-06403F5C1BA9}.Debug|Any CPU.ActiveCfg = Debug|Any CPU
		{8365FA5C-D81E-46F0-84E1-06403F5C1BA9}.Debug|Any CPU.Build.0 = Debug|Any CPU
		{8365FA5C-D81E-46F0-84E1-06403F5C1BA9}.Debug|Mixed Platforms.ActiveCfg = Debug|Any CPU
		{8365FA5C-D81E-46F0-84E1-06403F5C1BA9}.Debug|Mixed Platforms.Build.0 = Debug|Any CPU
		{8365FA5C-D81E-46F0-84E1-06403F5C1BA9}.Debug|x86.ActiveCfg = Debug|Any CPU
		{8365FA5C-D81E-46F0-84E1-06403F5C1BA9}.Release|Any CPU.ActiveCfg = Release|Any CPU
		{8365FA5C-D81E-46F0-84E1-06403F5C1BA9}.Release|Any CPU.Build.0 = Release|Any CPU
		{8365FA5C-D81E-46F0-84E1-06403F5C1BA9}.Release|Mixed Platforms.ActiveCfg = Release|Any CPU
		{8365FA5C-D81E-46F0-84E1-06403F5C1BA9}.Release|Mixed Platforms.Build.0 = Release|Any CPU
		{8365FA5C-D81E-46F0-84E1-06403F5C1BA9}.Release|x86.ActiveCfg = Release|Any CPU
		{38478586-4341-412F-9F74-765B19668DC9}.Debug|Any CPU.ActiveCfg = Debug|Any CPU
		{38478586-4341-412F-9F74-765B19668DC9}.Debug|Any CPU.Build.0 = Debug|Any CPU
		{38478586-4341-412F-9F74-765B19668DC9}.Debug|Mixed Platforms.ActiveCfg = Debug|Any CPU
		{38478586-4341-412F-9F74-765B19668DC9}.Debug|Mixed Platforms.Build.0 = Debug|Any CPU
		{38478586-4341-412F-9F74-765B19668DC9}.Debug|x86.ActiveCfg = Debug|Any CPU
		{38478586-4341-412F-9F74-765B19668DC9}.Release|Any CPU.ActiveCfg = Release|Any CPU
		{38478586-4341-412F-9F74-765B19668DC9}.Release|Any CPU.Build.0 = Release|Any CPU
		{38478586-4341-412F-9F74-765B19668DC9}.Release|Mixed Platforms.ActiveCfg = Release|Any CPU
		{38478586-4341-412F-9F74-765B19668DC9}.Release|Mixed Platforms.Build.0 = Release|Any CPU
		{38478586-4341-412F-9F74-765B19668DC9}.Release|x86.ActiveCfg = Release|Any CPU
		{A831A691-916D-45F7-BAF1-398141C1D711}.Debug|Any CPU.ActiveCfg = Debug|Any CPU
		{A831A691-916D-45F7-BAF1-398141C1D711}.Debug|Any CPU.Build.0 = Debug|Any CPU
		{A831A691-916D-45F7-BAF1-398141C1D711}.Debug|Mixed Platforms.ActiveCfg = Debug|Any CPU
		{A831A691-916D-45F7-BAF1-398141C1D711}.Debug|Mixed Platforms.Build.0 = Debug|Any CPU
		{A831A691-916D-45F7-BAF1-398141C1D711}.Debug|x86.ActiveCfg = Debug|Any CPU
		{A831A691-916D-45F7-BAF1-398141C1D711}.Release|Any CPU.ActiveCfg = Release|Any CPU
		{A831A691-916D-45F7-BAF1-398141C1D711}.Release|Any CPU.Build.0 = Release|Any CPU
		{A831A691-916D-45F7-BAF1-398141C1D711}.Release|Mixed Platforms.ActiveCfg = Release|Any CPU
		{A831A691-916D-45F7-BAF1-398141C1D711}.Release|Mixed Platforms.Build.0 = Release|Any CPU
		{A831A691-916D-45F7-BAF1-398141C1D711}.Release|x86.ActiveCfg = Release|Any CPU
		{4E9DF897-69D1-4632-9356-35B1A9525064}.Debug|Any CPU.ActiveCfg = Debug|Any CPU
		{4E9DF897-69D1-4632-9356-35B1A9525064}.Debug|Any CPU.Build.0 = Debug|Any CPU
		{4E9DF897-69D1-4632-9356-35B1A9525064}.Debug|Mixed Platforms.ActiveCfg = Debug|Any CPU
		{4E9DF897-69D1-4632-9356-35B1A9525064}.Debug|Mixed Platforms.Build.0 = Debug|Any CPU
		{4E9DF897-69D1-4632-9356-35B1A9525064}.Debug|x86.ActiveCfg = Debug|Any CPU
		{4E9DF897-69D1-4632-9356-35B1A9525064}.Release|Any CPU.ActiveCfg = Release|Any CPU
		{4E9DF897-69D1-4632-9356-35B1A9525064}.Release|Any CPU.Build.0 = Release|Any CPU
		{4E9DF897-69D1-4632-9356-35B1A9525064}.Release|Mixed Platforms.ActiveCfg = Release|Any CPU
		{4E9DF897-69D1-4632-9356-35B1A9525064}.Release|Mixed Platforms.Build.0 = Release|Any CPU
		{4E9DF897-69D1-4632-9356-35B1A9525064}.Release|x86.ActiveCfg = Release|Any CPU
		{05ADC63E-6C7D-40A5-8FD2-50A12C9A61BC}.Debug|Any CPU.ActiveCfg = Debug|Any CPU
		{05ADC63E-6C7D-40A5-8FD2-50A12C9A61BC}.Debug|Any CPU.Build.0 = Debug|Any CPU
		{05ADC63E-6C7D-40A5-8FD2-50A12C9A61BC}.Debug|Mixed Platforms.ActiveCfg = Debug|Any CPU
		{05ADC63E-6C7D-40A5-8FD2-50A12C9A61BC}.Debug|Mixed Platforms.Build.0 = Debug|Any CPU
		{05ADC63E-6C7D-40A5-8FD2-50A12C9A61BC}.Debug|x86.ActiveCfg = Debug|Any CPU
		{05ADC63E-6C7D-40A5-8FD2-50A12C9A61BC}.Release|Any CPU.ActiveCfg = Release|Any CPU
		{05ADC63E-6C7D-40A5-8FD2-50A12C9A61BC}.Release|Any CPU.Build.0 = Release|Any CPU
		{05ADC63E-6C7D-40A5-8FD2-50A12C9A61BC}.Release|Mixed Platforms.ActiveCfg = Release|Any CPU
		{05ADC63E-6C7D-40A5-8FD2-50A12C9A61BC}.Release|Mixed Platforms.Build.0 = Release|Any CPU
		{05ADC63E-6C7D-40A5-8FD2-50A12C9A61BC}.Release|x86.ActiveCfg = Release|Any CPU
		{212AD043-7FC4-47B1-BF11-1121D371CE2E}.Debug|Any CPU.ActiveCfg = Debug|Any CPU
		{212AD043-7FC4-47B1-BF11-1121D371CE2E}.Debug|Any CPU.Build.0 = Debug|Any CPU
		{212AD043-7FC4-47B1-BF11-1121D371CE2E}.Debug|Mixed Platforms.ActiveCfg = Debug|Any CPU
		{212AD043-7FC4-47B1-BF11-1121D371CE2E}.Debug|Mixed Platforms.Build.0 = Debug|Any CPU
		{212AD043-7FC4-47B1-BF11-1121D371CE2E}.Debug|x86.ActiveCfg = Debug|Any CPU
		{212AD043-7FC4-47B1-BF11-1121D371CE2E}.Release|Any CPU.ActiveCfg = Release|Any CPU
		{212AD043-7FC4-47B1-BF11-1121D371CE2E}.Release|Any CPU.Build.0 = Release|Any CPU
		{212AD043-7FC4-47B1-BF11-1121D371CE2E}.Release|Mixed Platforms.ActiveCfg = Release|Any CPU
		{212AD043-7FC4-47B1-BF11-1121D371CE2E}.Release|Mixed Platforms.Build.0 = Release|Any CPU
		{212AD043-7FC4-47B1-BF11-1121D371CE2E}.Release|x86.ActiveCfg = Release|Any CPU
		{196A2E64-59F5-40AB-BF98-559FCFC51A29}.Debug|Any CPU.ActiveCfg = Debug|Any CPU
		{196A2E64-59F5-40AB-BF98-559FCFC51A29}.Debug|Any CPU.Build.0 = Debug|Any CPU
		{196A2E64-59F5-40AB-BF98-559FCFC51A29}.Debug|Mixed Platforms.ActiveCfg = Debug|Any CPU
		{196A2E64-59F5-40AB-BF98-559FCFC51A29}.Debug|Mixed Platforms.Build.0 = Debug|Any CPU
		{196A2E64-59F5-40AB-BF98-559FCFC51A29}.Debug|x86.ActiveCfg = Debug|Any CPU
		{196A2E64-59F5-40AB-BF98-559FCFC51A29}.Release|Any CPU.ActiveCfg = Release|Any CPU
		{196A2E64-59F5-40AB-BF98-559FCFC51A29}.Release|Any CPU.Build.0 = Release|Any CPU
		{196A2E64-59F5-40AB-BF98-559FCFC51A29}.Release|Mixed Platforms.ActiveCfg = Release|Any CPU
		{196A2E64-59F5-40AB-BF98-559FCFC51A29}.Release|Mixed Platforms.Build.0 = Release|Any CPU
		{196A2E64-59F5-40AB-BF98-559FCFC51A29}.Release|x86.ActiveCfg = Release|Any CPU
		{FB49A522-446F-4588-94B4-39F8D3ABBF0E}.Debug|Any CPU.ActiveCfg = Debug|Any CPU
		{FB49A522-446F-4588-94B4-39F8D3ABBF0E}.Debug|Any CPU.Build.0 = Debug|Any CPU
		{FB49A522-446F-4588-94B4-39F8D3ABBF0E}.Debug|Mixed Platforms.ActiveCfg = Debug|Any CPU
		{FB49A522-446F-4588-94B4-39F8D3ABBF0E}.Debug|Mixed Platforms.Build.0 = Debug|Any CPU
		{FB49A522-446F-4588-94B4-39F8D3ABBF0E}.Debug|x86.ActiveCfg = Debug|Any CPU
		{FB49A522-446F-4588-94B4-39F8D3ABBF0E}.Release|Any CPU.ActiveCfg = Release|Any CPU
		{FB49A522-446F-4588-94B4-39F8D3ABBF0E}.Release|Any CPU.Build.0 = Release|Any CPU
		{FB49A522-446F-4588-94B4-39F8D3ABBF0E}.Release|Mixed Platforms.ActiveCfg = Release|Any CPU
		{FB49A522-446F-4588-94B4-39F8D3ABBF0E}.Release|Mixed Platforms.Build.0 = Release|Any CPU
		{FB49A522-446F-4588-94B4-39F8D3ABBF0E}.Release|x86.ActiveCfg = Release|Any CPU
		{839322A2-4589-4AA5-9A86-EF7DE405AC83}.Debug|Any CPU.ActiveCfg = Debug|Any CPU
		{839322A2-4589-4AA5-9A86-EF7DE405AC83}.Debug|Any CPU.Build.0 = Debug|Any CPU
		{839322A2-4589-4AA5-9A86-EF7DE405AC83}.Debug|Mixed Platforms.ActiveCfg = Debug|Any CPU
		{839322A2-4589-4AA5-9A86-EF7DE405AC83}.Debug|Mixed Platforms.Build.0 = Debug|Any CPU
		{839322A2-4589-4AA5-9A86-EF7DE405AC83}.Debug|x86.ActiveCfg = Debug|Any CPU
		{839322A2-4589-4AA5-9A86-EF7DE405AC83}.Release|Any CPU.ActiveCfg = Release|Any CPU
		{839322A2-4589-4AA5-9A86-EF7DE405AC83}.Release|Any CPU.Build.0 = Release|Any CPU
		{839322A2-4589-4AA5-9A86-EF7DE405AC83}.Release|Mixed Platforms.ActiveCfg = Release|Any CPU
		{839322A2-4589-4AA5-9A86-EF7DE405AC83}.Release|Mixed Platforms.Build.0 = Release|Any CPU
		{839322A2-4589-4AA5-9A86-EF7DE405AC83}.Release|x86.ActiveCfg = Release|Any CPU
		{6210AC8D-D119-4ACD-9A14-70675F87DAD3}.Debug|Any CPU.ActiveCfg = Debug|Any CPU
		{6210AC8D-D119-4ACD-9A14-70675F87DAD3}.Debug|Any CPU.Build.0 = Debug|Any CPU
		{6210AC8D-D119-4ACD-9A14-70675F87DAD3}.Debug|Mixed Platforms.ActiveCfg = Debug|Any CPU
		{6210AC8D-D119-4ACD-9A14-70675F87DAD3}.Debug|Mixed Platforms.Build.0 = Debug|Any CPU
		{6210AC8D-D119-4ACD-9A14-70675F87DAD3}.Debug|x86.ActiveCfg = Debug|Any CPU
		{6210AC8D-D119-4ACD-9A14-70675F87DAD3}.Release|Any CPU.ActiveCfg = Release|Any CPU
		{6210AC8D-D119-4ACD-9A14-70675F87DAD3}.Release|Any CPU.Build.0 = Release|Any CPU
		{6210AC8D-D119-4ACD-9A14-70675F87DAD3}.Release|Mixed Platforms.ActiveCfg = Release|Any CPU
		{6210AC8D-D119-4ACD-9A14-70675F87DAD3}.Release|Mixed Platforms.Build.0 = Release|Any CPU
		{6210AC8D-D119-4ACD-9A14-70675F87DAD3}.Release|x86.ActiveCfg = Release|Any CPU
	EndGlobalSection
	GlobalSection(SolutionProperties) = preSolution
		HideSolutionNode = FALSE
	EndGlobalSection
EndGlobal
